
Microsoft Visual Studio Solution File, Format Version 12.00
# Visual Studio Version 16
VisualStudioVersion = 16.0.30128.74
MinimumVisualStudioVersion = 10.0.40219.1
Project("{FAE04EC0-301F-11D3-BF4B-00C04F79EFBC}") = "XKCD-Viewer", "XKCD-Viewer\XKCD-Viewer.csproj", "{69396CE4-CFE6-40A1-909C-5282232019AA}"
EndProject
Global
	GlobalSection(SolutionConfigurationPlatforms) = preSolution
		Debug|Any CPU = Debug|Any CPU
		Release|Any CPU = Release|Any CPU
	EndGlobalSection
	GlobalSection(ProjectConfigurationPlatforms) = postSolution
		{69396CE4-CFE6-40A1-909C-5282232019AA}.Debug|Any CPU.ActiveCfg = Debug|Any CPU
		{69396CE4-CFE6-40A1-909C-5282232019AA}.Debug|Any CPU.Build.0 = Debug|Any CPU
		{69396CE4-CFE6-40A1-909C-5282232019AA}.Release|Any CPU.ActiveCfg = Release|Any CPU
		{69396CE4-CFE6-40A1-909C-5282232019AA}.Release|Any CPU.Build.0 = Release|Any CPU
	EndGlobalSection
	GlobalSection(SolutionProperties) = preSolution
		HideSolutionNode = FALSE
	EndGlobalSection
	GlobalSection(ExtensibilityGlobals) = postSolution
		SolutionGuid = {C1DF969D-35B1-4C3F-88AB-5B57E81BC7E4}
	EndGlobalSection
EndGlobal
